// !$*UTF8*$!
{
	archiveVersion = 1;
	classes = {
	};
	objectVersion = 46;
	objects = {

/* Begin PBXBuildFile section */
		2C6D57F68210301F23ACEF98 /* Pods_Cosmos.framework in Frameworks */ = {isa = PBXBuildFile; fileRef = 521F6449A4CEA461F92B7E5D /* Pods_Cosmos.framework */; };
		3A295D401DBB20660052A9A1 /* GalleryPresenter.swift in Sources */ = {isa = PBXBuildFile; fileRef = 3A295D3F1DBB20660052A9A1 /* GalleryPresenter.swift */; };
		3A295D421DBB96770052A9A1 /* UIImageExtensions.swift in Sources */ = {isa = PBXBuildFile; fileRef = 3A295D411DBB96770052A9A1 /* UIImageExtensions.swift */; };
		3A295D441DBBC45E0052A9A1 /* RealmEmployee.swift in Sources */ = {isa = PBXBuildFile; fileRef = 3A295D431DBBC45E0052A9A1 /* RealmEmployee.swift */; };
		3A295D461DBC7FA20052A9A1 /* EmployeeService.swift in Sources */ = {isa = PBXBuildFile; fileRef = 3A295D451DBC7FA20052A9A1 /* EmployeeService.swift */; };
		3A295D481DBC8C180052A9A1 /* Persistence.swift in Sources */ = {isa = PBXBuildFile; fileRef = 3A295D471DBC8C180052A9A1 /* Persistence.swift */; };
		3A295D4A1DBCAD220052A9A1 /* ManageEmployeeService.swift in Sources */ = {isa = PBXBuildFile; fileRef = 3A295D491DBCAD220052A9A1 /* ManageEmployeeService.swift */; };
		3A295D4C1DBCC95F0052A9A1 /* EmployeeFieldType.swift in Sources */ = {isa = PBXBuildFile; fileRef = 3A295D4B1DBCC95F0052A9A1 /* EmployeeFieldType.swift */; };
		3A295D4E1DBCD6340052A9A1 /* EmployeeTypeSelectorCell.swift in Sources */ = {isa = PBXBuildFile; fileRef = 3A295D4D1DBCD6340052A9A1 /* EmployeeTypeSelectorCell.swift */; };
		3A295D501DBCD6580052A9A1 /* EmployeeTypeSelectorCell.xib in Resources */ = {isa = PBXBuildFile; fileRef = 3A295D4F1DBCD6580052A9A1 /* EmployeeTypeSelectorCell.xib */; };
		3A295D541DBD542A0052A9A1 /* EmployeeListCell.swift in Sources */ = {isa = PBXBuildFile; fileRef = 3A295D531DBD542A0052A9A1 /* EmployeeListCell.swift */; };
		3A295D561DBD573D0052A9A1 /* EmployeeListCell.xib in Resources */ = {isa = PBXBuildFile; fileRef = 3A295D551DBD573D0052A9A1 /* EmployeeListCell.xib */; };
		3A295D581DBD5AA60052A9A1 /* EmployeeInfo.swift in Sources */ = {isa = PBXBuildFile; fileRef = 3A295D571DBD5AA60052A9A1 /* EmployeeInfo.swift */; };
		3A295D5A1DBDD8850052A9A1 /* TextWithTitleCell.swift in Sources */ = {isa = PBXBuildFile; fileRef = 3A295D591DBDD8850052A9A1 /* TextWithTitleCell.swift */; };
		3A295D5C1DBDD8B80052A9A1 /* TextWithTitleCell.xib in Resources */ = {isa = PBXBuildFile; fileRef = 3A295D5B1DBDD8B80052A9A1 /* TextWithTitleCell.xib */; };
		3A295D5E1DBDDED70052A9A1 /* EditTextWithTitleCell.xib in Resources */ = {isa = PBXBuildFile; fileRef = 3A295D5D1DBDDED70052A9A1 /* EditTextWithTitleCell.xib */; };
		3A295D601DBDE1D60052A9A1 /* EmployeeTitleCell.xib in Resources */ = {isa = PBXBuildFile; fileRef = 3A295D5F1DBDE1D60052A9A1 /* EmployeeTitleCell.xib */; };
		3A295D621DBDE2520052A9A1 /* EmployeeTitleCell.swift in Sources */ = {isa = PBXBuildFile; fileRef = 3A295D611DBDE2520052A9A1 /* EmployeeTitleCell.swift */; };
		3A295D641DBE03A10052A9A1 /* AccountantTypeSelectorCell.swift in Sources */ = {isa = PBXBuildFile; fileRef = 3A295D631DBE03A10052A9A1 /* AccountantTypeSelectorCell.swift */; };
		3A295D661DBE08000052A9A1 /* EmployeeFieldViewModel.swift in Sources */ = {isa = PBXBuildFile; fileRef = 3A295D651DBE08000052A9A1 /* EmployeeFieldViewModel.swift */; };
		3A2C97061DB2862F003CBA0E /* AppDelegate.swift in Sources */ = {isa = PBXBuildFile; fileRef = 3A2C97051DB2862F003CBA0E /* AppDelegate.swift */; };
		3A2C970D1DB2862F003CBA0E /* Assets.xcassets in Resources */ = {isa = PBXBuildFile; fileRef = 3A2C970C1DB2862F003CBA0E /* Assets.xcassets */; };
		3A2C97101DB2862F003CBA0E /* LaunchScreen.storyboard in Resources */ = {isa = PBXBuildFile; fileRef = 3A2C970E1DB2862F003CBA0E /* LaunchScreen.storyboard */; };
		3A2C97301DB29965003CBA0E /* Coordinator.swift in Sources */ = {isa = PBXBuildFile; fileRef = 3A2C972F1DB29965003CBA0E /* Coordinator.swift */; };
		3A2C97321DB29994003CBA0E /* Router.swift in Sources */ = {isa = PBXBuildFile; fileRef = 3A2C97311DB29994003CBA0E /* Router.swift */; };
		3A2C97351DB2A081003CBA0E /* Employee.swift in Sources */ = {isa = PBXBuildFile; fileRef = 3A2C97341DB2A081003CBA0E /* Employee.swift */; };
		3A2C97381DB32F97003CBA0E /* ConfigurableCell.swift in Sources */ = {isa = PBXBuildFile; fileRef = 3A2C97371DB32F97003CBA0E /* ConfigurableCell.swift */; };
		3A2C973A1DB32FA4003CBA0E /* TableRow.swift in Sources */ = {isa = PBXBuildFile; fileRef = 3A2C97391DB32FA4003CBA0E /* TableRow.swift */; };
		3A2C973C1DB32FAF003CBA0E /* TableSection.swift in Sources */ = {isa = PBXBuildFile; fileRef = 3A2C973B1DB32FAF003CBA0E /* TableSection.swift */; };
		3A2C973E1DB32FB9003CBA0E /* TableManager.swift in Sources */ = {isa = PBXBuildFile; fileRef = 3A2C973D1DB32FB9003CBA0E /* TableManager.swift */; };
		3A2C97401DB3387F003CBA0E /* EmpoyeesListController.swift in Sources */ = {isa = PBXBuildFile; fileRef = 3A2C973F1DB3387F003CBA0E /* EmpoyeesListController.swift */; };
		3A2C97421DB339E6003CBA0E /* StringTableCell.swift in Sources */ = {isa = PBXBuildFile; fileRef = 3A2C97411DB339E6003CBA0E /* StringTableCell.swift */; };
		3A2C97441DB344BF003CBA0E /* UITableViewExtensions.swift in Sources */ = {isa = PBXBuildFile; fileRef = 3A2C97431DB344BF003CBA0E /* UITableViewExtensions.swift */; };
		3A2C97461DB34630003CBA0E /* TableManagerDelegate.swift in Sources */ = {isa = PBXBuildFile; fileRef = 3A2C97451DB34630003CBA0E /* TableManagerDelegate.swift */; };
		3A2C97491DB347EE003CBA0E /* EmployeesListPresenter.swift in Sources */ = {isa = PBXBuildFile; fileRef = 3A2C97481DB347EE003CBA0E /* EmployeesListPresenter.swift */; };
		3A2C974B1DB35883003CBA0E /* DataSource.swift in Sources */ = {isa = PBXBuildFile; fileRef = 3A2C974A1DB35883003CBA0E /* DataSource.swift */; };
		3A2C974D1DB35F3B003CBA0E /* DynamicTableManager.swift in Sources */ = {isa = PBXBuildFile; fileRef = 3A2C974C1DB35F3B003CBA0E /* DynamicTableManager.swift */; };
		3A2C97521DB36958003CBA0E /* StringTableHeader.swift in Sources */ = {isa = PBXBuildFile; fileRef = 3A2C97511DB36958003CBA0E /* StringTableHeader.swift */; };
		3A2C97551DB36AD5003CBA0E /* EmployeesHeaderView.swift in Sources */ = {isa = PBXBuildFile; fileRef = 3A2C97541DB36AD5003CBA0E /* EmployeesHeaderView.swift */; };
		3A2C975C1DB3887A003CBA0E /* ManageEmployeeController.swift in Sources */ = {isa = PBXBuildFile; fileRef = 3A2C975B1DB3887A003CBA0E /* ManageEmployeeController.swift */; };
		3A2C975E1DB38CC2003CBA0E /* ManageEmployeePresenter.swift in Sources */ = {isa = PBXBuildFile; fileRef = 3A2C975D1DB38CC2003CBA0E /* ManageEmployeePresenter.swift */; };
		3A2C97631DB38E75003CBA0E /* Functions.swift in Sources */ = {isa = PBXBuildFile; fileRef = 3A2C97621DB38E75003CBA0E /* Functions.swift */; };
		3A2C97651DB3C0D7003CBA0E /* EditTextWithTitleCell.swift in Sources */ = {isa = PBXBuildFile; fileRef = 3A2C97641DB3C0D7003CBA0E /* EditTextWithTitleCell.swift */; };
		3A2C97681DB3D100003CBA0E /* FeedViewController.swift in Sources */ = {isa = PBXBuildFile; fileRef = 3A2C97671DB3D100003CBA0E /* FeedViewController.swift */; };
		3A2C976A1DB3D117003CBA0E /* FeedPresenter.swift in Sources */ = {isa = PBXBuildFile; fileRef = 3A2C97691DB3D117003CBA0E /* FeedPresenter.swift */; };
		3A2C976C1DB3D122003CBA0E /* FeedService.swift in Sources */ = {isa = PBXBuildFile; fileRef = 3A2C976B1DB3D122003CBA0E /* FeedService.swift */; };
		3A2C976E1DB3D1A1003CBA0E /* FeedParsingTest.swift in Sources */ = {isa = PBXBuildFile; fileRef = 3A2C976D1DB3D1A1003CBA0E /* FeedParsingTest.swift */; };
		3A2C97711DB503FE003CBA0E /* FeedParser.swift in Sources */ = {isa = PBXBuildFile; fileRef = 3A2C97701DB503FE003CBA0E /* FeedParser.swift */; };
		3A2C97731DB50420003CBA0E /* Quote.swift in Sources */ = {isa = PBXBuildFile; fileRef = 3A2C97721DB50420003CBA0E /* Quote.swift */; };
		3A2C97761DB52185003CBA0E /* QuoteTableCell.xib in Resources */ = {isa = PBXBuildFile; fileRef = 3A2C97751DB52185003CBA0E /* QuoteTableCell.xib */; };
		3A2C97781DB521D4003CBA0E /* QuoteTableCell.swift in Sources */ = {isa = PBXBuildFile; fileRef = 3A2C97771DB521D4003CBA0E /* QuoteTableCell.swift */; };
		3A2C977A1DB5293D003CBA0E /* GalleryViewController.swift in Sources */ = {isa = PBXBuildFile; fileRef = 3A2C97791DB5293D003CBA0E /* GalleryViewController.swift */; };
		3ABE697F1DB6829F00B50FE5 /* image0.jpg in Resources */ = {isa = PBXBuildFile; fileRef = 3ABE69781DB6829F00B50FE5 /* image0.jpg */; };
		3ABE69801DB6829F00B50FE5 /* image1.jpg in Resources */ = {isa = PBXBuildFile; fileRef = 3ABE69791DB6829F00B50FE5 /* image1.jpg */; };
		3ABE69811DB6829F00B50FE5 /* image2.jpg in Resources */ = {isa = PBXBuildFile; fileRef = 3ABE697A1DB6829F00B50FE5 /* image2.jpg */; };
		3ABE69821DB6829F00B50FE5 /* image3.jpg in Resources */ = {isa = PBXBuildFile; fileRef = 3ABE697B1DB6829F00B50FE5 /* image3.jpg */; };
		3ABE69831DB6829F00B50FE5 /* image4.jpg in Resources */ = {isa = PBXBuildFile; fileRef = 3ABE697C1DB6829F00B50FE5 /* image4.jpg */; };
		3ABE69841DB6829F00B50FE5 /* image5.jpg in Resources */ = {isa = PBXBuildFile; fileRef = 3ABE697D1DB6829F00B50FE5 /* image5.jpg */; };
		3ABE69851DB6829F00B50FE5 /* image6.jpg in Resources */ = {isa = PBXBuildFile; fileRef = 3ABE697E1DB6829F00B50FE5 /* image6.jpg */; };
		3ABE698F1DB683BD00B50FE5 /* image7.jpg in Resources */ = {isa = PBXBuildFile; fileRef = 3ABE69861DB683BD00B50FE5 /* image7.jpg */; };
		3ABE69901DB683BD00B50FE5 /* image8.jpg in Resources */ = {isa = PBXBuildFile; fileRef = 3ABE69871DB683BD00B50FE5 /* image8.jpg */; };
		3ABE69911DB683BD00B50FE5 /* image9.jpg in Resources */ = {isa = PBXBuildFile; fileRef = 3ABE69881DB683BD00B50FE5 /* image9.jpg */; };
		3ABE69921DB683BD00B50FE5 /* image10.jpg in Resources */ = {isa = PBXBuildFile; fileRef = 3ABE69891DB683BD00B50FE5 /* image10.jpg */; };
		3ABE69931DB683BD00B50FE5 /* image11.jpg in Resources */ = {isa = PBXBuildFile; fileRef = 3ABE698A1DB683BD00B50FE5 /* image11.jpg */; };
		3ABE69941DB683BD00B50FE5 /* image12.jpg in Resources */ = {isa = PBXBuildFile; fileRef = 3ABE698B1DB683BD00B50FE5 /* image12.jpg */; };
		3ABE69951DB683BD00B50FE5 /* image13.jpg in Resources */ = {isa = PBXBuildFile; fileRef = 3ABE698C1DB683BD00B50FE5 /* image13.jpg */; };
		3ABE69961DB683BD00B50FE5 /* image14.jpg in Resources */ = {isa = PBXBuildFile; fileRef = 3ABE698D1DB683BD00B50FE5 /* image14.jpg */; };
		3ABE69971DB683BD00B50FE5 /* image15.jpg in Resources */ = {isa = PBXBuildFile; fileRef = 3ABE698E1DB683BD00B50FE5 /* image15.jpg */; };
		3ABE69991DB6867C00B50FE5 /* ContainerController.swift in Sources */ = {isa = PBXBuildFile; fileRef = 3ABE69981DB6867C00B50FE5 /* ContainerController.swift */; };
		3AC92ECC1DBE100200C030DE /* AccountantTypeSelectorCell.xib in Resources */ = {isa = PBXBuildFile; fileRef = 3AC92ECB1DBE100200C030DE /* AccountantTypeSelectorCell.xib */; };
		3AC92ECE1DBE162900C030DE /* AccountantTypeCell.xib in Resources */ = {isa = PBXBuildFile; fileRef = 3AC92ECD1DBE162900C030DE /* AccountantTypeCell.xib */; };
		3AC92ED01DBE16C700C030DE /* AccountantTypeCell.swift in Sources */ = {isa = PBXBuildFile; fileRef = 3AC92ECF1DBE16C700C030DE /* AccountantTypeCell.swift */; };
		7D1D3549A4EF819DFF86B5E4 /* Pods_CosmosTests.framework in Frameworks */ = {isa = PBXBuildFile; fileRef = 50E4C79AD74665361CB2E8D1 /* Pods_CosmosTests.framework */; };
/* End PBXBuildFile section */

/* Begin PBXContainerItemProxy section */
		3A2C97171DB2862F003CBA0E /* PBXContainerItemProxy */ = {
			isa = PBXContainerItemProxy;
			containerPortal = 3A2C96FA1DB2862F003CBA0E /* Project object */;
			proxyType = 1;
			remoteGlobalIDString = 3A2C97011DB2862F003CBA0E;
			remoteInfo = Cosmos;
		};
/* End PBXContainerItemProxy section */

/* Begin PBXFileReference section */
		2BB44E48D7B7C8F70755308D /* Pods-Cosmos.debug.xcconfig */ = {isa = PBXFileReference; includeInIndex = 1; lastKnownFileType = text.xcconfig; name = "Pods-Cosmos.debug.xcconfig"; path = "Pods/Target Support Files/Pods-Cosmos/Pods-Cosmos.debug.xcconfig"; sourceTree = "<group>"; };
		36210FE8600B04B005527CB5 /* Pods-CosmosTests.release.xcconfig */ = {isa = PBXFileReference; includeInIndex = 1; lastKnownFileType = text.xcconfig; name = "Pods-CosmosTests.release.xcconfig"; path = "Pods/Target Support Files/Pods-CosmosTests/Pods-CosmosTests.release.xcconfig"; sourceTree = "<group>"; };
		3A295D3F1DBB20660052A9A1 /* GalleryPresenter.swift */ = {isa = PBXFileReference; fileEncoding = 4; lastKnownFileType = sourcecode.swift; path = GalleryPresenter.swift; sourceTree = "<group>"; };
		3A295D411DBB96770052A9A1 /* UIImageExtensions.swift */ = {isa = PBXFileReference; fileEncoding = 4; lastKnownFileType = sourcecode.swift; path = UIImageExtensions.swift; sourceTree = "<group>"; };
		3A295D431DBBC45E0052A9A1 /* RealmEmployee.swift */ = {isa = PBXFileReference; fileEncoding = 4; lastKnownFileType = sourcecode.swift; path = RealmEmployee.swift; sourceTree = "<group>"; };
		3A295D451DBC7FA20052A9A1 /* EmployeeService.swift */ = {isa = PBXFileReference; fileEncoding = 4; lastKnownFileType = sourcecode.swift; path = EmployeeService.swift; sourceTree = "<group>"; };
		3A295D471DBC8C180052A9A1 /* Persistence.swift */ = {isa = PBXFileReference; fileEncoding = 4; lastKnownFileType = sourcecode.swift; path = Persistence.swift; sourceTree = "<group>"; };
		3A295D491DBCAD220052A9A1 /* ManageEmployeeService.swift */ = {isa = PBXFileReference; fileEncoding = 4; lastKnownFileType = sourcecode.swift; path = ManageEmployeeService.swift; sourceTree = "<group>"; };
		3A295D4B1DBCC95F0052A9A1 /* EmployeeFieldType.swift */ = {isa = PBXFileReference; fileEncoding = 4; lastKnownFileType = sourcecode.swift; path = EmployeeFieldType.swift; sourceTree = "<group>"; };
		3A295D4D1DBCD6340052A9A1 /* EmployeeTypeSelectorCell.swift */ = {isa = PBXFileReference; fileEncoding = 4; lastKnownFileType = sourcecode.swift; path = EmployeeTypeSelectorCell.swift; sourceTree = "<group>"; };
		3A295D4F1DBCD6580052A9A1 /* EmployeeTypeSelectorCell.xib */ = {isa = PBXFileReference; fileEncoding = 4; lastKnownFileType = file.xib; path = EmployeeTypeSelectorCell.xib; sourceTree = "<group>"; };
		3A295D531DBD542A0052A9A1 /* EmployeeListCell.swift */ = {isa = PBXFileReference; fileEncoding = 4; lastKnownFileType = sourcecode.swift; path = EmployeeListCell.swift; sourceTree = "<group>"; };
		3A295D551DBD573D0052A9A1 /* EmployeeListCell.xib */ = {isa = PBXFileReference; fileEncoding = 4; lastKnownFileType = file.xib; path = EmployeeListCell.xib; sourceTree = "<group>"; };
		3A295D571DBD5AA60052A9A1 /* EmployeeInfo.swift */ = {isa = PBXFileReference; fileEncoding = 4; lastKnownFileType = sourcecode.swift; name = EmployeeInfo.swift; path = Views/EmployeeInfo.swift; sourceTree = "<group>"; };
		3A295D591DBDD8850052A9A1 /* TextWithTitleCell.swift */ = {isa = PBXFileReference; fileEncoding = 4; lastKnownFileType = sourcecode.swift; path = TextWithTitleCell.swift; sourceTree = "<group>"; };
		3A295D5B1DBDD8B80052A9A1 /* TextWithTitleCell.xib */ = {isa = PBXFileReference; fileEncoding = 4; lastKnownFileType = file.xib; path = TextWithTitleCell.xib; sourceTree = "<group>"; };
		3A295D5D1DBDDED70052A9A1 /* EditTextWithTitleCell.xib */ = {isa = PBXFileReference; fileEncoding = 4; lastKnownFileType = file.xib; path = EditTextWithTitleCell.xib; sourceTree = "<group>"; };
		3A295D5F1DBDE1D60052A9A1 /* EmployeeTitleCell.xib */ = {isa = PBXFileReference; fileEncoding = 4; lastKnownFileType = file.xib; path = EmployeeTitleCell.xib; sourceTree = "<group>"; };
		3A295D611DBDE2520052A9A1 /* EmployeeTitleCell.swift */ = {isa = PBXFileReference; fileEncoding = 4; lastKnownFileType = sourcecode.swift; path = EmployeeTitleCell.swift; sourceTree = "<group>"; };
		3A295D631DBE03A10052A9A1 /* AccountantTypeSelectorCell.swift */ = {isa = PBXFileReference; fileEncoding = 4; lastKnownFileType = sourcecode.swift; path = AccountantTypeSelectorCell.swift; sourceTree = "<group>"; };
		3A295D651DBE08000052A9A1 /* EmployeeFieldViewModel.swift */ = {isa = PBXFileReference; fileEncoding = 4; lastKnownFileType = sourcecode.swift; path = EmployeeFieldViewModel.swift; sourceTree = "<group>"; };
		3A2C97021DB2862F003CBA0E /* Cosmos.app */ = {isa = PBXFileReference; explicitFileType = wrapper.application; includeInIndex = 0; path = Cosmos.app; sourceTree = BUILT_PRODUCTS_DIR; };
		3A2C97051DB2862F003CBA0E /* AppDelegate.swift */ = {isa = PBXFileReference; lastKnownFileType = sourcecode.swift; path = AppDelegate.swift; sourceTree = "<group>"; };
		3A2C970C1DB2862F003CBA0E /* Assets.xcassets */ = {isa = PBXFileReference; lastKnownFileType = folder.assetcatalog; path = Assets.xcassets; sourceTree = "<group>"; };
		3A2C970F1DB2862F003CBA0E /* Base */ = {isa = PBXFileReference; lastKnownFileType = file.storyboard; name = Base; path = Base.lproj/LaunchScreen.storyboard; sourceTree = "<group>"; };
		3A2C97111DB2862F003CBA0E /* Info.plist */ = {isa = PBXFileReference; lastKnownFileType = text.plist.xml; path = Info.plist; sourceTree = "<group>"; };
		3A2C97161DB2862F003CBA0E /* CosmosTests.xctest */ = {isa = PBXFileReference; explicitFileType = wrapper.cfbundle; includeInIndex = 0; path = CosmosTests.xctest; sourceTree = BUILT_PRODUCTS_DIR; };
		3A2C971C1DB2862F003CBA0E /* Info.plist */ = {isa = PBXFileReference; lastKnownFileType = text.plist.xml; path = Info.plist; sourceTree = "<group>"; };
		3A2C972F1DB29965003CBA0E /* Coordinator.swift */ = {isa = PBXFileReference; fileEncoding = 4; lastKnownFileType = sourcecode.swift; path = Coordinator.swift; sourceTree = "<group>"; };
		3A2C97311DB29994003CBA0E /* Router.swift */ = {isa = PBXFileReference; fileEncoding = 4; lastKnownFileType = sourcecode.swift; path = Router.swift; sourceTree = "<group>"; };
		3A2C97341DB2A081003CBA0E /* Employee.swift */ = {isa = PBXFileReference; fileEncoding = 4; lastKnownFileType = sourcecode.swift; path = Employee.swift; sourceTree = "<group>"; };
		3A2C97371DB32F97003CBA0E /* ConfigurableCell.swift */ = {isa = PBXFileReference; fileEncoding = 4; lastKnownFileType = sourcecode.swift; lineEnding = 0; path = ConfigurableCell.swift; sourceTree = "<group>"; xcLanguageSpecificationIdentifier = xcode.lang.swift; };
		3A2C97391DB32FA4003CBA0E /* TableRow.swift */ = {isa = PBXFileReference; fileEncoding = 4; lastKnownFileType = sourcecode.swift; path = TableRow.swift; sourceTree = "<group>"; };
		3A2C973B1DB32FAF003CBA0E /* TableSection.swift */ = {isa = PBXFileReference; fileEncoding = 4; lastKnownFileType = sourcecode.swift; path = TableSection.swift; sourceTree = "<group>"; };
		3A2C973D1DB32FB9003CBA0E /* TableManager.swift */ = {isa = PBXFileReference; fileEncoding = 4; lastKnownFileType = sourcecode.swift; lineEnding = 0; path = TableManager.swift; sourceTree = "<group>"; xcLanguageSpecificationIdentifier = xcode.lang.swift; };
		3A2C973F1DB3387F003CBA0E /* EmpoyeesListController.swift */ = {isa = PBXFileReference; fileEncoding = 4; lastKnownFileType = sourcecode.swift; path = EmpoyeesListController.swift; sourceTree = "<group>"; };
		3A2C97411DB339E6003CBA0E /* StringTableCell.swift */ = {isa = PBXFileReference; fileEncoding = 4; lastKnownFileType = sourcecode.swift; path = StringTableCell.swift; sourceTree = "<group>"; };
		3A2C97431DB344BF003CBA0E /* UITableViewExtensions.swift */ = {isa = PBXFileReference; fileEncoding = 4; lastKnownFileType = sourcecode.swift; lineEnding = 0; path = UITableViewExtensions.swift; sourceTree = "<group>"; xcLanguageSpecificationIdentifier = xcode.lang.swift; };
		3A2C97451DB34630003CBA0E /* TableManagerDelegate.swift */ = {isa = PBXFileReference; fileEncoding = 4; lastKnownFileType = sourcecode.swift; path = TableManagerDelegate.swift; sourceTree = "<group>"; };
		3A2C97481DB347EE003CBA0E /* EmployeesListPresenter.swift */ = {isa = PBXFileReference; fileEncoding = 4; lastKnownFileType = sourcecode.swift; path = EmployeesListPresenter.swift; sourceTree = "<group>"; };
		3A2C974A1DB35883003CBA0E /* DataSource.swift */ = {isa = PBXFileReference; fileEncoding = 4; lastKnownFileType = sourcecode.swift; path = DataSource.swift; sourceTree = "<group>"; };
		3A2C974C1DB35F3B003CBA0E /* DynamicTableManager.swift */ = {isa = PBXFileReference; fileEncoding = 4; lastKnownFileType = sourcecode.swift; lineEnding = 0; path = DynamicTableManager.swift; sourceTree = "<group>"; xcLanguageSpecificationIdentifier = xcode.lang.swift; };
		3A2C97511DB36958003CBA0E /* StringTableHeader.swift */ = {isa = PBXFileReference; fileEncoding = 4; lastKnownFileType = sourcecode.swift; path = StringTableHeader.swift; sourceTree = "<group>"; };
		3A2C97541DB36AD5003CBA0E /* EmployeesHeaderView.swift */ = {isa = PBXFileReference; fileEncoding = 4; lastKnownFileType = sourcecode.swift; path = EmployeesHeaderView.swift; sourceTree = "<group>"; };
		3A2C975B1DB3887A003CBA0E /* ManageEmployeeController.swift */ = {isa = PBXFileReference; fileEncoding = 4; lastKnownFileType = sourcecode.swift; path = ManageEmployeeController.swift; sourceTree = "<group>"; };
		3A2C975D1DB38CC2003CBA0E /* ManageEmployeePresenter.swift */ = {isa = PBXFileReference; fileEncoding = 4; lastKnownFileType = sourcecode.swift; path = ManageEmployeePresenter.swift; sourceTree = "<group>"; };
		3A2C97621DB38E75003CBA0E /* Functions.swift */ = {isa = PBXFileReference; fileEncoding = 4; lastKnownFileType = sourcecode.swift; path = Functions.swift; sourceTree = "<group>"; };
		3A2C97641DB3C0D7003CBA0E /* EditTextWithTitleCell.swift */ = {isa = PBXFileReference; fileEncoding = 4; lastKnownFileType = sourcecode.swift; path = EditTextWithTitleCell.swift; sourceTree = "<group>"; };
		3A2C97671DB3D100003CBA0E /* FeedViewController.swift */ = {isa = PBXFileReference; fileEncoding = 4; lastKnownFileType = sourcecode.swift; path = FeedViewController.swift; sourceTree = "<group>"; };
		3A2C97691DB3D117003CBA0E /* FeedPresenter.swift */ = {isa = PBXFileReference; fileEncoding = 4; lastKnownFileType = sourcecode.swift; path = FeedPresenter.swift; sourceTree = "<group>"; };
		3A2C976B1DB3D122003CBA0E /* FeedService.swift */ = {isa = PBXFileReference; fileEncoding = 4; lastKnownFileType = sourcecode.swift; path = FeedService.swift; sourceTree = "<group>"; };
		3A2C976D1DB3D1A1003CBA0E /* FeedParsingTest.swift */ = {isa = PBXFileReference; fileEncoding = 4; lastKnownFileType = sourcecode.swift; path = FeedParsingTest.swift; sourceTree = "<group>"; };
		3A2C97701DB503FE003CBA0E /* FeedParser.swift */ = {isa = PBXFileReference; fileEncoding = 4; lastKnownFileType = sourcecode.swift; path = FeedParser.swift; sourceTree = "<group>"; };
		3A2C97721DB50420003CBA0E /* Quote.swift */ = {isa = PBXFileReference; fileEncoding = 4; lastKnownFileType = sourcecode.swift; path = Quote.swift; sourceTree = "<group>"; };
		3A2C97751DB52185003CBA0E /* QuoteTableCell.xib */ = {isa = PBXFileReference; fileEncoding = 4; lastKnownFileType = file.xib; path = QuoteTableCell.xib; sourceTree = "<group>"; };
		3A2C97771DB521D4003CBA0E /* QuoteTableCell.swift */ = {isa = PBXFileReference; fileEncoding = 4; lastKnownFileType = sourcecode.swift; path = QuoteTableCell.swift; sourceTree = "<group>"; };
		3A2C97791DB5293D003CBA0E /* GalleryViewController.swift */ = {isa = PBXFileReference; fileEncoding = 4; lastKnownFileType = sourcecode.swift; path = GalleryViewController.swift; sourceTree = "<group>"; };
		3ABE69781DB6829F00B50FE5 /* image0.jpg */ = {isa = PBXFileReference; lastKnownFileType = image.jpeg; path = image0.jpg; sourceTree = "<group>"; };
		3ABE69791DB6829F00B50FE5 /* image1.jpg */ = {isa = PBXFileReference; lastKnownFileType = image.jpeg; path = image1.jpg; sourceTree = "<group>"; };
		3ABE697A1DB6829F00B50FE5 /* image2.jpg */ = {isa = PBXFileReference; lastKnownFileType = image.jpeg; path = image2.jpg; sourceTree = "<group>"; };
		3ABE697B1DB6829F00B50FE5 /* image3.jpg */ = {isa = PBXFileReference; lastKnownFileType = image.jpeg; path = image3.jpg; sourceTree = "<group>"; };
		3ABE697C1DB6829F00B50FE5 /* image4.jpg */ = {isa = PBXFileReference; lastKnownFileType = image.jpeg; path = image4.jpg; sourceTree = "<group>"; };
		3ABE697D1DB6829F00B50FE5 /* image5.jpg */ = {isa = PBXFileReference; lastKnownFileType = image.jpeg; path = image5.jpg; sourceTree = "<group>"; };
		3ABE697E1DB6829F00B50FE5 /* image6.jpg */ = {isa = PBXFileReference; lastKnownFileType = image.jpeg; path = image6.jpg; sourceTree = "<group>"; };
		3ABE69861DB683BD00B50FE5 /* image7.jpg */ = {isa = PBXFileReference; lastKnownFileType = image.jpeg; path = image7.jpg; sourceTree = "<group>"; };
		3ABE69871DB683BD00B50FE5 /* image8.jpg */ = {isa = PBXFileReference; lastKnownFileType = image.jpeg; path = image8.jpg; sourceTree = "<group>"; };
		3ABE69881DB683BD00B50FE5 /* image9.jpg */ = {isa = PBXFileReference; lastKnownFileType = image.jpeg; path = image9.jpg; sourceTree = "<group>"; };
		3ABE69891DB683BD00B50FE5 /* image10.jpg */ = {isa = PBXFileReference; lastKnownFileType = image.jpeg; path = image10.jpg; sourceTree = "<group>"; };
		3ABE698A1DB683BD00B50FE5 /* image11.jpg */ = {isa = PBXFileReference; lastKnownFileType = image.jpeg; path = image11.jpg; sourceTree = "<group>"; };
		3ABE698B1DB683BD00B50FE5 /* image12.jpg */ = {isa = PBXFileReference; lastKnownFileType = image.jpeg; path = image12.jpg; sourceTree = "<group>"; };
		3ABE698C1DB683BD00B50FE5 /* image13.jpg */ = {isa = PBXFileReference; lastKnownFileType = image.jpeg; path = image13.jpg; sourceTree = "<group>"; };
		3ABE698D1DB683BD00B50FE5 /* image14.jpg */ = {isa = PBXFileReference; lastKnownFileType = image.jpeg; path = image14.jpg; sourceTree = "<group>"; };
		3ABE698E1DB683BD00B50FE5 /* image15.jpg */ = {isa = PBXFileReference; lastKnownFileType = image.jpeg; path = image15.jpg; sourceTree = "<group>"; };
		3ABE69981DB6867C00B50FE5 /* ContainerController.swift */ = {isa = PBXFileReference; fileEncoding = 4; lastKnownFileType = sourcecode.swift; path = ContainerController.swift; sourceTree = "<group>"; };
		3AC92ECB1DBE100200C030DE /* AccountantTypeSelectorCell.xib */ = {isa = PBXFileReference; fileEncoding = 4; lastKnownFileType = file.xib; path = AccountantTypeSelectorCell.xib; sourceTree = "<group>"; };
		3AC92ECD1DBE162900C030DE /* AccountantTypeCell.xib */ = {isa = PBXFileReference; fileEncoding = 4; lastKnownFileType = file.xib; path = AccountantTypeCell.xib; sourceTree = "<group>"; };
		3AC92ECF1DBE16C700C030DE /* AccountantTypeCell.swift */ = {isa = PBXFileReference; fileEncoding = 4; lastKnownFileType = sourcecode.swift; path = AccountantTypeCell.swift; sourceTree = "<group>"; };
		50E4C79AD74665361CB2E8D1 /* Pods_CosmosTests.framework */ = {isa = PBXFileReference; explicitFileType = wrapper.framework; includeInIndex = 0; path = Pods_CosmosTests.framework; sourceTree = BUILT_PRODUCTS_DIR; };
		521F6449A4CEA461F92B7E5D /* Pods_Cosmos.framework */ = {isa = PBXFileReference; explicitFileType = wrapper.framework; includeInIndex = 0; path = Pods_Cosmos.framework; sourceTree = BUILT_PRODUCTS_DIR; };
		96B68620A01F60CAB8B5F861 /* Pods-Cosmos.release.xcconfig */ = {isa = PBXFileReference; includeInIndex = 1; lastKnownFileType = text.xcconfig; name = "Pods-Cosmos.release.xcconfig"; path = "Pods/Target Support Files/Pods-Cosmos/Pods-Cosmos.release.xcconfig"; sourceTree = "<group>"; };
		D28D865FDDF064A1F6E12A6A /* Pods-CosmosTests.debug.xcconfig */ = {isa = PBXFileReference; includeInIndex = 1; lastKnownFileType = text.xcconfig; name = "Pods-CosmosTests.debug.xcconfig"; path = "Pods/Target Support Files/Pods-CosmosTests/Pods-CosmosTests.debug.xcconfig"; sourceTree = "<group>"; };
/* End PBXFileReference section */

/* Begin PBXFrameworksBuildPhase section */
		3A2C96FF1DB2862F003CBA0E /* Frameworks */ = {
			isa = PBXFrameworksBuildPhase;
			buildActionMask = 2147483647;
			files = (
				2C6D57F68210301F23ACEF98 /* Pods_Cosmos.framework in Frameworks */,
			);
			runOnlyForDeploymentPostprocessing = 0;
		};
		3A2C97131DB2862F003CBA0E /* Frameworks */ = {
			isa = PBXFrameworksBuildPhase;
			buildActionMask = 2147483647;
			files = (
				7D1D3549A4EF819DFF86B5E4 /* Pods_CosmosTests.framework in Frameworks */,
			);
			runOnlyForDeploymentPostprocessing = 0;
		};
/* End PBXFrameworksBuildPhase section */

/* Begin PBXGroup section */
		3A2355931DB67AA3005A9636 /* Resources */ = {
			isa = PBXGroup;
			children = (
				3ABE69861DB683BD00B50FE5 /* image7.jpg */,
				3ABE69871DB683BD00B50FE5 /* image8.jpg */,
				3ABE69881DB683BD00B50FE5 /* image9.jpg */,
				3ABE69891DB683BD00B50FE5 /* image10.jpg */,
				3ABE698A1DB683BD00B50FE5 /* image11.jpg */,
				3ABE698B1DB683BD00B50FE5 /* image12.jpg */,
				3ABE698C1DB683BD00B50FE5 /* image13.jpg */,
				3ABE698D1DB683BD00B50FE5 /* image14.jpg */,
				3ABE698E1DB683BD00B50FE5 /* image15.jpg */,
				3ABE69781DB6829F00B50FE5 /* image0.jpg */,
				3ABE69791DB6829F00B50FE5 /* image1.jpg */,
				3ABE697A1DB6829F00B50FE5 /* image2.jpg */,
				3ABE697B1DB6829F00B50FE5 /* image3.jpg */,
				3ABE697C1DB6829F00B50FE5 /* image4.jpg */,
				3ABE697D1DB6829F00B50FE5 /* image5.jpg */,
				3ABE697E1DB6829F00B50FE5 /* image6.jpg */,
			);
			path = Resources;
			sourceTree = "<group>";
		};
		3A2C96F91DB2862F003CBA0E = {
			isa = PBXGroup;
			children = (
				3A2C97041DB2862F003CBA0E /* Cosmos */,
				3A2C97191DB2862F003CBA0E /* CosmosTests */,
				EBCC736844293D9C460EB68E /* Frameworks */,
				BD0F0D0B6A3C00A68500E7B9 /* Pods */,
				3A2C97031DB2862F003CBA0E /* Products */,
				3A2355931DB67AA3005A9636 /* Resources */,
			);
			sourceTree = "<group>";
		};
		3A2C97031DB2862F003CBA0E /* Products */ = {
			isa = PBXGroup;
			children = (
				3A2C97021DB2862F003CBA0E /* Cosmos.app */,
				3A2C97161DB2862F003CBA0E /* CosmosTests.xctest */,
			);
			name = Products;
			sourceTree = "<group>";
		};
		3A2C97041DB2862F003CBA0E /* Cosmos */ = {
			isa = PBXGroup;
			children = (
				3A2C972E1DB29954003CBA0E /* Core */,
				3A2C97271DB292F3003CBA0E /* Features */,
				3A2C972D1DB2992D003CBA0E /* Misc */,
				3A2C97251DB292D9003CBA0E /* Utilities */,
				3A2C97051DB2862F003CBA0E /* AppDelegate.swift */,
			);
			path = Cosmos;
			sourceTree = "<group>";
		};
		3A2C97191DB2862F003CBA0E /* CosmosTests */ = {
			isa = PBXGroup;
			children = (
				3A2C976D1DB3D1A1003CBA0E /* FeedParsingTest.swift */,
				3A2C971C1DB2862F003CBA0E /* Info.plist */,
			);
			path = CosmosTests;
			sourceTree = "<group>";
		};
		3A2C97251DB292D9003CBA0E /* Utilities */ = {
			isa = PBXGroup;
			children = (
				3A2C97361DB2A575003CBA0E /* UITableView */,
				3A2C97621DB38E75003CBA0E /* Functions.swift */,
				3A295D411DBB96770052A9A1 /* UIImageExtensions.swift */,
			);
			path = Utilities;
			sourceTree = "<group>";
		};
		3A2C97271DB292F3003CBA0E /* Features */ = {
			isa = PBXGroup;
			children = (
				3A2C972A1DB298A5003CBA0E /* Employees */,
				3A2C972B1DB298DE003CBA0E /* Gallery */,
				3A2C972C1DB298EE003CBA0E /* Service */,
			);
			path = Features;
			sourceTree = "<group>";
		};
		3A2C972A1DB298A5003CBA0E /* Employees */ = {
			isa = PBXGroup;
			children = (
				3A2C97591DB3881C003CBA0E /* ListEmployees */,
				3A2C975A1DB3883A003CBA0E /* ManageEmployee */,
				3A2C97331DB2A075003CBA0E /* Model */,
			);
			path = Employees;
			sourceTree = "<group>";
		};
		3A2C972B1DB298DE003CBA0E /* Gallery */ = {
			isa = PBXGroup;
			children = (
				3A2C97791DB5293D003CBA0E /* GalleryViewController.swift */,
				3ABE69981DB6867C00B50FE5 /* ContainerController.swift */,
				3A295D3F1DBB20660052A9A1 /* GalleryPresenter.swift */,
			);
			path = Gallery;
			sourceTree = "<group>";
		};
		3A2C972C1DB298EE003CBA0E /* Service */ = {
			isa = PBXGroup;
			children = (
				3A2C976F1DB503EB003CBA0E /* Service */,
				3A2C97741DB52174003CBA0E /* Views */,
				3A2C97691DB3D117003CBA0E /* FeedPresenter.swift */,
				3A2C97671DB3D100003CBA0E /* FeedViewController.swift */,
			);
			path = Service;
			sourceTree = "<group>";
		};
		3A2C972D1DB2992D003CBA0E /* Misc */ = {
			isa = PBXGroup;
			children = (
				3A2C970C1DB2862F003CBA0E /* Assets.xcassets */,
				3A2C97111DB2862F003CBA0E /* Info.plist */,
				3A2C970E1DB2862F003CBA0E /* LaunchScreen.storyboard */,
			);
			path = Misc;
			sourceTree = "<group>";
		};
		3A2C972E1DB29954003CBA0E /* Core */ = {
			isa = PBXGroup;
			children = (
				3A2C972F1DB29965003CBA0E /* Coordinator.swift */,
				3A2C97311DB29994003CBA0E /* Router.swift */,
			);
			path = Core;
			sourceTree = "<group>";
		};
		3A2C97331DB2A075003CBA0E /* Model */ = {
			isa = PBXGroup;
			children = (
				3A2C97341DB2A081003CBA0E /* Employee.swift */,
				3A295D431DBBC45E0052A9A1 /* RealmEmployee.swift */,
				3A295D451DBC7FA20052A9A1 /* EmployeeService.swift */,
				3A295D471DBC8C180052A9A1 /* Persistence.swift */,
			);
			path = Model;
			sourceTree = "<group>";
		};
		3A2C97361DB2A575003CBA0E /* UITableView */ = {
			isa = PBXGroup;
			children = (
				3A2C97561DB36E94003CBA0E /* ConfigurableCell */,
				3A2C974E1DB35F47003CBA0E /* DynaminTableManager */,
				3A2C97471DB34660003CBA0E /* StaticTableManager */,
			);
			path = UITableView;
			sourceTree = "<group>";
		};
		3A2C97471DB34660003CBA0E /* StaticTableManager */ = {
			isa = PBXGroup;
			children = (
				3A2C973D1DB32FB9003CBA0E /* TableManager.swift */,
				3A2C97391DB32FA4003CBA0E /* TableRow.swift */,
				3A2C973B1DB32FAF003CBA0E /* TableSection.swift */,
			);
			path = StaticTableManager;
			sourceTree = "<group>";
		};
		3A2C974E1DB35F47003CBA0E /* DynaminTableManager */ = {
			isa = PBXGroup;
			children = (
				3A2C974A1DB35883003CBA0E /* DataSource.swift */,
				3A2C974C1DB35F3B003CBA0E /* DynamicTableManager.swift */,
				3A2C97451DB34630003CBA0E /* TableManagerDelegate.swift */,
			);
			path = DynaminTableManager;
			sourceTree = "<group>";
		};
		3A2C97531DB36A8C003CBA0E /* Views */ = {
			isa = PBXGroup;
			children = (
				3A2C97541DB36AD5003CBA0E /* EmployeesHeaderView.swift */,
				3A295D531DBD542A0052A9A1 /* EmployeeListCell.swift */,
				3A295D551DBD573D0052A9A1 /* EmployeeListCell.xib */,
			);
			path = Views;
			sourceTree = "<group>";
		};
		3A2C97561DB36E94003CBA0E /* ConfigurableCell */ = {
			isa = PBXGroup;
			children = (
				3A2C97371DB32F97003CBA0E /* ConfigurableCell.swift */,
				3A2C97411DB339E6003CBA0E /* StringTableCell.swift */,
				3A2C97511DB36958003CBA0E /* StringTableHeader.swift */,
				3A2C97431DB344BF003CBA0E /* UITableViewExtensions.swift */,
			);
			path = ConfigurableCell;
			sourceTree = "<group>";
		};
		3A2C97591DB3881C003CBA0E /* ListEmployees */ = {
			isa = PBXGroup;
			children = (
				3A2C97531DB36A8C003CBA0E /* Views */,
				3A2C97481DB347EE003CBA0E /* EmployeesListPresenter.swift */,
				3A2C973F1DB3387F003CBA0E /* EmpoyeesListController.swift */,
				3A295D571DBD5AA60052A9A1 /* EmployeeInfo.swift */,
			);
			name = ListEmployees;
			path = ListView;
			sourceTree = "<group>";
		};
		3A2C975A1DB3883A003CBA0E /* ManageEmployee */ = {
			isa = PBXGroup;
			children = (
				3A2C975F1DB38E4F003CBA0E /* Views */,
				3A2C975B1DB3887A003CBA0E /* ManageEmployeeController.swift */,
				3A2C975D1DB38CC2003CBA0E /* ManageEmployeePresenter.swift */,
				3A295D491DBCAD220052A9A1 /* ManageEmployeeService.swift */,
				3A295D4B1DBCC95F0052A9A1 /* EmployeeFieldType.swift */,
				3A295D651DBE08000052A9A1 /* EmployeeFieldViewModel.swift */,
			);
			name = ManageEmployee;
			path = ManageView;
			sourceTree = "<group>";
		};
		3A2C975F1DB38E4F003CBA0E /* Views */ = {
			isa = PBXGroup;
			children = (
				3A2C97641DB3C0D7003CBA0E /* EditTextWithTitleCell.swift */,
				3A295D5D1DBDDED70052A9A1 /* EditTextWithTitleCell.xib */,
				3A295D4D1DBCD6340052A9A1 /* EmployeeTypeSelectorCell.swift */,
				3A295D4F1DBCD6580052A9A1 /* EmployeeTypeSelectorCell.xib */,
				3A295D591DBDD8850052A9A1 /* TextWithTitleCell.swift */,
				3A295D5B1DBDD8B80052A9A1 /* TextWithTitleCell.xib */,
				3A295D611DBDE2520052A9A1 /* EmployeeTitleCell.swift */,
				3A295D5F1DBDE1D60052A9A1 /* EmployeeTitleCell.xib */,
				3A295D631DBE03A10052A9A1 /* AccountantTypeSelectorCell.swift */,
				3AC92ECB1DBE100200C030DE /* AccountantTypeSelectorCell.xib */,
				3AC92ECF1DBE16C700C030DE /* AccountantTypeCell.swift */,
				3AC92ECD1DBE162900C030DE /* AccountantTypeCell.xib */,
			);
			path = Views;
			sourceTree = "<group>";
		};
		3A2C976F1DB503EB003CBA0E /* Service */ = {
			isa = PBXGroup;
			children = (
				3A2C97701DB503FE003CBA0E /* FeedParser.swift */,
				3A2C976B1DB3D122003CBA0E /* FeedService.swift */,
				3A2C97721DB50420003CBA0E /* Quote.swift */,
			);
			path = Service;
			sourceTree = "<group>";
		};
		3A2C97741DB52174003CBA0E /* Views */ = {
			isa = PBXGroup;
			children = (
				3A2C97771DB521D4003CBA0E /* QuoteTableCell.swift */,
				3A2C97751DB52185003CBA0E /* QuoteTableCell.xib */,
			);
			path = Views;
			sourceTree = "<group>";
		};
		BD0F0D0B6A3C00A68500E7B9 /* Pods */ = {
			isa = PBXGroup;
			children = (
				2BB44E48D7B7C8F70755308D /* Pods-Cosmos.debug.xcconfig */,
				96B68620A01F60CAB8B5F861 /* Pods-Cosmos.release.xcconfig */,
				D28D865FDDF064A1F6E12A6A /* Pods-CosmosTests.debug.xcconfig */,
				36210FE8600B04B005527CB5 /* Pods-CosmosTests.release.xcconfig */,
			);
			name = Pods;
			sourceTree = "<group>";
		};
		EBCC736844293D9C460EB68E /* Frameworks */ = {
			isa = PBXGroup;
			children = (
				521F6449A4CEA461F92B7E5D /* Pods_Cosmos.framework */,
				50E4C79AD74665361CB2E8D1 /* Pods_CosmosTests.framework */,
			);
			name = Frameworks;
			sourceTree = "<group>";
		};
/* End PBXGroup section */

/* Begin PBXNativeTarget section */
		3A2C97011DB2862F003CBA0E /* Cosmos */ = {
			isa = PBXNativeTarget;
			buildConfigurationList = 3A2C971F1DB2862F003CBA0E /* Build configuration list for PBXNativeTarget "Cosmos" */;
			buildPhases = (
				E195565333366257742A0DB5 /* [CP] Check Pods Manifest.lock */,
				3A2C96FE1DB2862F003CBA0E /* Sources */,
				3A2C96FF1DB2862F003CBA0E /* Frameworks */,
				3A2C97001DB2862F003CBA0E /* Resources */,
				C82550235C7F391137DC6575 /* [CP] Embed Pods Frameworks */,
				EAE1A1911F9A0AB6B150378B /* [CP] Copy Pods Resources */,
			);
			buildRules = (
			);
			dependencies = (
			);
			name = Cosmos;
			productName = Cosmos;
			productReference = 3A2C97021DB2862F003CBA0E /* Cosmos.app */;
			productType = "com.apple.product-type.application";
		};
		3A2C97151DB2862F003CBA0E /* CosmosTests */ = {
			isa = PBXNativeTarget;
			buildConfigurationList = 3A2C97221DB2862F003CBA0E /* Build configuration list for PBXNativeTarget "CosmosTests" */;
			buildPhases = (
				BF27BB9C55481AA12BCA43E3 /* [CP] Check Pods Manifest.lock */,
				3A2C97121DB2862F003CBA0E /* Sources */,
				3A2C97131DB2862F003CBA0E /* Frameworks */,
				3A2C97141DB2862F003CBA0E /* Resources */,
				A30DCD451068532535BB7459 /* [CP] Embed Pods Frameworks */,
				BE4CE52726F1EABBB0A6FE17 /* [CP] Copy Pods Resources */,
			);
			buildRules = (
			);
			dependencies = (
				3A2C97181DB2862F003CBA0E /* PBXTargetDependency */,
			);
			name = CosmosTests;
			productName = CosmosTests;
			productReference = 3A2C97161DB2862F003CBA0E /* CosmosTests.xctest */;
			productType = "com.apple.product-type.bundle.unit-test";
		};
/* End PBXNativeTarget section */

/* Begin PBXProject section */
		3A2C96FA1DB2862F003CBA0E /* Project object */ = {
			isa = PBXProject;
			attributes = {
				LastSwiftUpdateCheck = 0800;
				LastUpgradeCheck = 0800;
				ORGANIZATIONNAME = "Anton Selyanin";
				TargetAttributes = {
					3A2C97011DB2862F003CBA0E = {
						CreatedOnToolsVersion = 8.0;
						DevelopmentTeam = K26429Q97U;
						ProvisioningStyle = Automatic;
					};
					3A2C97151DB2862F003CBA0E = {
						CreatedOnToolsVersion = 8.0;
						ProvisioningStyle = Automatic;
						TestTargetID = 3A2C97011DB2862F003CBA0E;
					};
				};
			};
			buildConfigurationList = 3A2C96FD1DB2862F003CBA0E /* Build configuration list for PBXProject "Cosmos" */;
			compatibilityVersion = "Xcode 3.2";
			developmentRegion = English;
			hasScannedForEncodings = 0;
			knownRegions = (
				en,
				Base,
			);
			mainGroup = 3A2C96F91DB2862F003CBA0E;
			productRefGroup = 3A2C97031DB2862F003CBA0E /* Products */;
			projectDirPath = "";
			projectRoot = "";
			targets = (
				3A2C97011DB2862F003CBA0E /* Cosmos */,
				3A2C97151DB2862F003CBA0E /* CosmosTests */,
			);
		};
/* End PBXProject section */

/* Begin PBXResourcesBuildPhase section */
		3A2C97001DB2862F003CBA0E /* Resources */ = {
			isa = PBXResourcesBuildPhase;
			buildActionMask = 2147483647;
			files = (
				3A295D601DBDE1D60052A9A1 /* EmployeeTitleCell.xib in Resources */,
				3A295D501DBCD6580052A9A1 /* EmployeeTypeSelectorCell.xib in Resources */,
				3ABE69941DB683BD00B50FE5 /* image12.jpg in Resources */,
				3ABE69831DB6829F00B50FE5 /* image4.jpg in Resources */,
				3ABE69841DB6829F00B50FE5 /* image5.jpg in Resources */,
				3AC92ECE1DBE162900C030DE /* AccountantTypeCell.xib in Resources */,
				3ABE69931DB683BD00B50FE5 /* image11.jpg in Resources */,
				3ABE697F1DB6829F00B50FE5 /* image0.jpg in Resources */,
				3ABE69911DB683BD00B50FE5 /* image9.jpg in Resources */,
				3ABE69801DB6829F00B50FE5 /* image1.jpg in Resources */,
				3ABE69951DB683BD00B50FE5 /* image13.jpg in Resources */,
				3ABE69961DB683BD00B50FE5 /* image14.jpg in Resources */,
				3A295D561DBD573D0052A9A1 /* EmployeeListCell.xib in Resources */,
				3ABE69971DB683BD00B50FE5 /* image15.jpg in Resources */,
				3ABE69901DB683BD00B50FE5 /* image8.jpg in Resources */,
				3ABE69921DB683BD00B50FE5 /* image10.jpg in Resources */,
				3A2C97101DB2862F003CBA0E /* LaunchScreen.storyboard in Resources */,
				3A2C97761DB52185003CBA0E /* QuoteTableCell.xib in Resources */,
				3ABE69851DB6829F00B50FE5 /* image6.jpg in Resources */,
				3ABE69811DB6829F00B50FE5 /* image2.jpg in Resources */,
				3ABE698F1DB683BD00B50FE5 /* image7.jpg in Resources */,
				3ABE69821DB6829F00B50FE5 /* image3.jpg in Resources */,
				3A295D5C1DBDD8B80052A9A1 /* TextWithTitleCell.xib in Resources */,
				3A295D5E1DBDDED70052A9A1 /* EditTextWithTitleCell.xib in Resources */,
				3AC92ECC1DBE100200C030DE /* AccountantTypeSelectorCell.xib in Resources */,
				3A2C970D1DB2862F003CBA0E /* Assets.xcassets in Resources */,
			);
			runOnlyForDeploymentPostprocessing = 0;
		};
		3A2C97141DB2862F003CBA0E /* Resources */ = {
			isa = PBXResourcesBuildPhase;
			buildActionMask = 2147483647;
			files = (
			);
			runOnlyForDeploymentPostprocessing = 0;
		};
/* End PBXResourcesBuildPhase section */

/* Begin PBXShellScriptBuildPhase section */
		A30DCD451068532535BB7459 /* [CP] Embed Pods Frameworks */ = {
			isa = PBXShellScriptBuildPhase;
			buildActionMask = 2147483647;
			files = (
			);
			inputPaths = (
			);
			name = "[CP] Embed Pods Frameworks";
			outputPaths = (
			);
			runOnlyForDeploymentPostprocessing = 0;
			shellPath = /bin/sh;
			shellScript = "\"${SRCROOT}/Pods/Target Support Files/Pods-CosmosTests/Pods-CosmosTests-frameworks.sh\"\n";
			showEnvVarsInLog = 0;
		};
		BE4CE52726F1EABBB0A6FE17 /* [CP] Copy Pods Resources */ = {
			isa = PBXShellScriptBuildPhase;
			buildActionMask = 2147483647;
			files = (
			);
			inputPaths = (
			);
			name = "[CP] Copy Pods Resources";
			outputPaths = (
			);
			runOnlyForDeploymentPostprocessing = 0;
			shellPath = /bin/sh;
			shellScript = "\"${SRCROOT}/Pods/Target Support Files/Pods-CosmosTests/Pods-CosmosTests-resources.sh\"\n";
			showEnvVarsInLog = 0;
		};
		BF27BB9C55481AA12BCA43E3 /* [CP] Check Pods Manifest.lock */ = {
			isa = PBXShellScriptBuildPhase;
			buildActionMask = 2147483647;
			files = (
			);
			inputPaths = (
			);
			name = "[CP] Check Pods Manifest.lock";
			outputPaths = (
			);
			runOnlyForDeploymentPostprocessing = 0;
			shellPath = /bin/sh;
			shellScript = "diff \"${PODS_ROOT}/../Podfile.lock\" \"${PODS_ROOT}/Manifest.lock\" > /dev/null\nif [ $? != 0 ] ; then\n    # print error to STDERR\n    echo \"error: The sandbox is not in sync with the Podfile.lock. Run 'pod install' or update your CocoaPods installation.\" >&2\n    exit 1\nfi\n";
			showEnvVarsInLog = 0;
		};
		C82550235C7F391137DC6575 /* [CP] Embed Pods Frameworks */ = {
			isa = PBXShellScriptBuildPhase;
			buildActionMask = 2147483647;
			files = (
			);
			inputPaths = (
			);
			name = "[CP] Embed Pods Frameworks";
			outputPaths = (
			);
			runOnlyForDeploymentPostprocessing = 0;
			shellPath = /bin/sh;
			shellScript = "\"${SRCROOT}/Pods/Target Support Files/Pods-Cosmos/Pods-Cosmos-frameworks.sh\"\n";
			showEnvVarsInLog = 0;
		};
		E195565333366257742A0DB5 /* [CP] Check Pods Manifest.lock */ = {
			isa = PBXShellScriptBuildPhase;
			buildActionMask = 2147483647;
			files = (
			);
			inputPaths = (
			);
			name = "[CP] Check Pods Manifest.lock";
			outputPaths = (
			);
			runOnlyForDeploymentPostprocessing = 0;
			shellPath = /bin/sh;
			shellScript = "diff \"${PODS_ROOT}/../Podfile.lock\" \"${PODS_ROOT}/Manifest.lock\" > /dev/null\nif [ $? != 0 ] ; then\n    # print error to STDERR\n    echo \"error: The sandbox is not in sync with the Podfile.lock. Run 'pod install' or update your CocoaPods installation.\" >&2\n    exit 1\nfi\n";
			showEnvVarsInLog = 0;
		};
		EAE1A1911F9A0AB6B150378B /* [CP] Copy Pods Resources */ = {
			isa = PBXShellScriptBuildPhase;
			buildActionMask = 2147483647;
			files = (
			);
			inputPaths = (
			);
			name = "[CP] Copy Pods Resources";
			outputPaths = (
			);
			runOnlyForDeploymentPostprocessing = 0;
			shellPath = /bin/sh;
			shellScript = "\"${SRCROOT}/Pods/Target Support Files/Pods-Cosmos/Pods-Cosmos-resources.sh\"\n";
			showEnvVarsInLog = 0;
		};
/* End PBXShellScriptBuildPhase section */

/* Begin PBXSourcesBuildPhase section */
		3A2C96FE1DB2862F003CBA0E /* Sources */ = {
			isa = PBXSourcesBuildPhase;
			buildActionMask = 2147483647;
			files = (
				3A2C974B1DB35883003CBA0E /* DataSource.swift in Sources */,
				3A295D581DBD5AA60052A9A1 /* EmployeeInfo.swift in Sources */,
				3A295D4A1DBCAD220052A9A1 /* ManageEmployeeService.swift in Sources */,
				3A295D621DBDE2520052A9A1 /* EmployeeTitleCell.swift in Sources */,
				3A2C97781DB521D4003CBA0E /* QuoteTableCell.swift in Sources */,
				3A295D461DBC7FA20052A9A1 /* EmployeeService.swift in Sources */,
				3A2C973E1DB32FB9003CBA0E /* TableManager.swift in Sources */,
				3A2C97711DB503FE003CBA0E /* FeedParser.swift in Sources */,
				3A2C973C1DB32FAF003CBA0E /* TableSection.swift in Sources */,
				3A2C97441DB344BF003CBA0E /* UITableViewExtensions.swift in Sources */,
				3A2C97381DB32F97003CBA0E /* ConfigurableCell.swift in Sources */,
				3A295D641DBE03A10052A9A1 /* AccountantTypeSelectorCell.swift in Sources */,
				3A295D481DBC8C180052A9A1 /* Persistence.swift in Sources */,
				3A2C97301DB29965003CBA0E /* Coordinator.swift in Sources */,
				3A2C97401DB3387F003CBA0E /* EmpoyeesListController.swift in Sources */,
				3A295D4E1DBCD6340052A9A1 /* EmployeeTypeSelectorCell.swift in Sources */,
				3A2C97351DB2A081003CBA0E /* Employee.swift in Sources */,
				3A295D661DBE08000052A9A1 /* EmployeeFieldViewModel.swift in Sources */,
				3A2C97321DB29994003CBA0E /* Router.swift in Sources */,
				3A295D541DBD542A0052A9A1 /* EmployeeListCell.swift in Sources */,
				3A295D421DBB96770052A9A1 /* UIImageExtensions.swift in Sources */,
				3A295D441DBBC45E0052A9A1 /* RealmEmployee.swift in Sources */,
				3A2C976A1DB3D117003CBA0E /* FeedPresenter.swift in Sources */,
				3A2C97731DB50420003CBA0E /* Quote.swift in Sources */,
				3A2C97551DB36AD5003CBA0E /* EmployeesHeaderView.swift in Sources */,
				3A295D4C1DBCC95F0052A9A1 /* EmployeeFieldType.swift in Sources */,
				3A2C97421DB339E6003CBA0E /* StringTableCell.swift in Sources */,
				3A295D401DBB20660052A9A1 /* GalleryPresenter.swift in Sources */,
				3A2C97491DB347EE003CBA0E /* EmployeesListPresenter.swift in Sources */,
				3AC92ED01DBE16C700C030DE /* AccountantTypeCell.swift in Sources */,
				3A2C97061DB2862F003CBA0E /* AppDelegate.swift in Sources */,
				3A2C973A1DB32FA4003CBA0E /* TableRow.swift in Sources */,
				3A2C97631DB38E75003CBA0E /* Functions.swift in Sources */,
				3A295D5A1DBDD8850052A9A1 /* TextWithTitleCell.swift in Sources */,
				3A2C976C1DB3D122003CBA0E /* FeedService.swift in Sources */,
				3A2C97651DB3C0D7003CBA0E /* EditTextWithTitleCell.swift in Sources */,
				3A2C975C1DB3887A003CBA0E /* ManageEmployeeController.swift in Sources */,
				3A2C975E1DB38CC2003CBA0E /* ManageEmployeePresenter.swift in Sources */,
				3A2C974D1DB35F3B003CBA0E /* DynamicTableManager.swift in Sources */,
				3A2C97461DB34630003CBA0E /* TableManagerDelegate.swift in Sources */,
				3ABE69991DB6867C00B50FE5 /* ContainerController.swift in Sources */,
				3A2C977A1DB5293D003CBA0E /* GalleryViewController.swift in Sources */,
				3A2C97681DB3D100003CBA0E /* FeedViewController.swift in Sources */,
				3A2C97521DB36958003CBA0E /* StringTableHeader.swift in Sources */,
			);
			runOnlyForDeploymentPostprocessing = 0;
		};
		3A2C97121DB2862F003CBA0E /* Sources */ = {
			isa = PBXSourcesBuildPhase;
			buildActionMask = 2147483647;
			files = (
				3A2C976E1DB3D1A1003CBA0E /* FeedParsingTest.swift in Sources */,
			);
			runOnlyForDeploymentPostprocessing = 0;
		};
/* End PBXSourcesBuildPhase section */

/* Begin PBXTargetDependency section */
		3A2C97181DB2862F003CBA0E /* PBXTargetDependency */ = {
			isa = PBXTargetDependency;
			target = 3A2C97011DB2862F003CBA0E /* Cosmos */;
			targetProxy = 3A2C97171DB2862F003CBA0E /* PBXContainerItemProxy */;
		};
/* End PBXTargetDependency section */

/* Begin PBXVariantGroup section */
		3A2C970E1DB2862F003CBA0E /* LaunchScreen.storyboard */ = {
			isa = PBXVariantGroup;
			children = (
				3A2C970F1DB2862F003CBA0E /* Base */,
			);
			name = LaunchScreen.storyboard;
			path = .;
			sourceTree = "<group>";
		};
/* End PBXVariantGroup section */

/* Begin XCBuildConfiguration section */
		3A2C971D1DB2862F003CBA0E /* Debug */ = {
			isa = XCBuildConfiguration;
			buildSettings = {
				ALWAYS_SEARCH_USER_PATHS = NO;
				CLANG_ANALYZER_NONNULL = YES;
				CLANG_CXX_LANGUAGE_STANDARD = "gnu++0x";
				CLANG_CXX_LIBRARY = "libc++";
				CLANG_ENABLE_MODULES = YES;
				CLANG_ENABLE_OBJC_ARC = YES;
				CLANG_WARN_BOOL_CONVERSION = YES;
				CLANG_WARN_CONSTANT_CONVERSION = YES;
				CLANG_WARN_DIRECT_OBJC_ISA_USAGE = YES_ERROR;
				CLANG_WARN_DOCUMENTATION_COMMENTS = YES;
				CLANG_WARN_EMPTY_BODY = YES;
				CLANG_WARN_ENUM_CONVERSION = YES;
				CLANG_WARN_INFINITE_RECURSION = YES;
				CLANG_WARN_INT_CONVERSION = YES;
				CLANG_WARN_OBJC_ROOT_CLASS = YES_ERROR;
				CLANG_WARN_SUSPICIOUS_MOVE = YES;
				CLANG_WARN_SUSPICIOUS_MOVES = YES;
				CLANG_WARN_UNREACHABLE_CODE = YES;
				CLANG_WARN__DUPLICATE_METHOD_MATCH = YES;
				"CODE_SIGN_IDENTITY[sdk=iphoneos*]" = "iPhone Developer";
				COPY_PHASE_STRIP = NO;
				DEBUG_INFORMATION_FORMAT = dwarf;
				ENABLE_STRICT_OBJC_MSGSEND = YES;
				ENABLE_TESTABILITY = YES;
				GCC_C_LANGUAGE_STANDARD = gnu99;
				GCC_DYNAMIC_NO_PIC = NO;
				GCC_NO_COMMON_BLOCKS = YES;
				GCC_OPTIMIZATION_LEVEL = 0;
				GCC_PREPROCESSOR_DEFINITIONS = (
					"DEBUG=1",
					"$(inherited)",
				);
				GCC_WARN_64_TO_32_BIT_CONVERSION = YES;
				GCC_WARN_ABOUT_RETURN_TYPE = YES_ERROR;
				GCC_WARN_UNDECLARED_SELECTOR = YES;
				GCC_WARN_UNINITIALIZED_AUTOS = YES_AGGRESSIVE;
				GCC_WARN_UNUSED_FUNCTION = YES;
				GCC_WARN_UNUSED_VARIABLE = YES;
				IPHONEOS_DEPLOYMENT_TARGET = 10.0;
				MTL_ENABLE_DEBUG_INFO = YES;
				ONLY_ACTIVE_ARCH = YES;
				SDKROOT = iphoneos;
				SWIFT_ACTIVE_COMPILATION_CONDITIONS = DEBUG;
				SWIFT_OPTIMIZATION_LEVEL = "-Onone";
				TARGETED_DEVICE_FAMILY = "1,2";
			};
			name = Debug;
		};
		3A2C971E1DB2862F003CBA0E /* Release */ = {
			isa = XCBuildConfiguration;
			buildSettings = {
				ALWAYS_SEARCH_USER_PATHS = NO;
				CLANG_ANALYZER_NONNULL = YES;
				CLANG_CXX_LANGUAGE_STANDARD = "gnu++0x";
				CLANG_CXX_LIBRARY = "libc++";
				CLANG_ENABLE_MODULES = YES;
				CLANG_ENABLE_OBJC_ARC = YES;
				CLANG_WARN_BOOL_CONVERSION = YES;
				CLANG_WARN_CONSTANT_CONVERSION = YES;
				CLANG_WARN_DIRECT_OBJC_ISA_USAGE = YES_ERROR;
				CLANG_WARN_DOCUMENTATION_COMMENTS = YES;
				CLANG_WARN_EMPTY_BODY = YES;
				CLANG_WARN_ENUM_CONVERSION = YES;
				CLANG_WARN_INFINITE_RECURSION = YES;
				CLANG_WARN_INT_CONVERSION = YES;
				CLANG_WARN_OBJC_ROOT_CLASS = YES_ERROR;
				CLANG_WARN_SUSPICIOUS_MOVE = YES;
				CLANG_WARN_SUSPICIOUS_MOVES = YES;
				CLANG_WARN_UNREACHABLE_CODE = YES;
				CLANG_WARN__DUPLICATE_METHOD_MATCH = YES;
				"CODE_SIGN_IDENTITY[sdk=iphoneos*]" = "iPhone Developer";
				COPY_PHASE_STRIP = NO;
				DEBUG_INFORMATION_FORMAT = "dwarf-with-dsym";
				ENABLE_NS_ASSERTIONS = NO;
				ENABLE_STRICT_OBJC_MSGSEND = YES;
				GCC_C_LANGUAGE_STANDARD = gnu99;
				GCC_NO_COMMON_BLOCKS = YES;
				GCC_WARN_64_TO_32_BIT_CONVERSION = YES;
				GCC_WARN_ABOUT_RETURN_TYPE = YES_ERROR;
				GCC_WARN_UNDECLARED_SELECTOR = YES;
				GCC_WARN_UNINITIALIZED_AUTOS = YES_AGGRESSIVE;
				GCC_WARN_UNUSED_FUNCTION = YES;
				GCC_WARN_UNUSED_VARIABLE = YES;
				IPHONEOS_DEPLOYMENT_TARGET = 10.0;
				MTL_ENABLE_DEBUG_INFO = NO;
				SDKROOT = iphoneos;
				SWIFT_OPTIMIZATION_LEVEL = "-Owholemodule";
				TARGETED_DEVICE_FAMILY = "1,2";
				VALIDATE_PRODUCT = YES;
			};
			name = Release;
		};
		3A2C97201DB2862F003CBA0E /* Debug */ = {
			isa = XCBuildConfiguration;
			baseConfigurationReference = 2BB44E48D7B7C8F70755308D /* Pods-Cosmos.debug.xcconfig */;
			buildSettings = {
				ALWAYS_EMBED_SWIFT_STANDARD_LIBRARIES = YES;
				ASSETCATALOG_COMPILER_APPICON_NAME = AppIcon;
				DEVELOPMENT_TEAM = K26429Q97U;
				INFOPLIST_FILE = Cosmos/Misc/Info.plist;
				IPHONEOS_DEPLOYMENT_TARGET = 10.0;
				LD_RUNPATH_SEARCH_PATHS = "$(inherited) @executable_path/Frameworks";
				PRODUCT_BUNDLE_IDENTIFIER = anton.Cosmos;
				PRODUCT_NAME = "$(TARGET_NAME)";
				SWIFT_VERSION = 3.0;
			};
			name = Debug;
		};
		3A2C97211DB2862F003CBA0E /* Release */ = {
			isa = XCBuildConfiguration;
			baseConfigurationReference = 96B68620A01F60CAB8B5F861 /* Pods-Cosmos.release.xcconfig */;
			buildSettings = {
				ALWAYS_EMBED_SWIFT_STANDARD_LIBRARIES = YES;
				ASSETCATALOG_COMPILER_APPICON_NAME = AppIcon;
				DEVELOPMENT_TEAM = K26429Q97U;
				INFOPLIST_FILE = Cosmos/Misc/Info.plist;
				IPHONEOS_DEPLOYMENT_TARGET = 10.0;
				LD_RUNPATH_SEARCH_PATHS = "$(inherited) @executable_path/Frameworks";
				PRODUCT_BUNDLE_IDENTIFIER = anton.Cosmos;
				PRODUCT_NAME = "$(TARGET_NAME)";
				SWIFT_VERSION = 3.0;
			};
			name = Release;
		};
		3A2C97231DB2862F003CBA0E /* Debug */ = {
			isa = XCBuildConfiguration;
			baseConfigurationReference = D28D865FDDF064A1F6E12A6A /* Pods-CosmosTests.debug.xcconfig */;
			buildSettings = {
				ALWAYS_EMBED_SWIFT_STANDARD_LIBRARIES = YES;
				BUNDLE_LOADER = "$(TEST_HOST)";
				INFOPLIST_FILE = CosmosTests/Info.plist;
				LD_RUNPATH_SEARCH_PATHS = "$(inherited) @executable_path/Frameworks @loader_path/Frameworks";
				PRODUCT_BUNDLE_IDENTIFIER = anton.CosmosTests;
				PRODUCT_NAME = "$(TARGET_NAME)";
				SWIFT_VERSION = 3.0;
				TEST_HOST = "$(BUILT_PRODUCTS_DIR)/Cosmos.app/Cosmos";
			};
			name = Debug;
		};
		3A2C97241DB2862F003CBA0E /* Release */ = {
			isa = XCBuildConfiguration;
			baseConfigurationReference = 36210FE8600B04B005527CB5 /* Pods-CosmosTests.release.xcconfig */;
			buildSettings = {
				ALWAYS_EMBED_SWIFT_STANDARD_LIBRARIES = YES;
				BUNDLE_LOADER = "$(TEST_HOST)";
				INFOPLIST_FILE = CosmosTests/Info.plist;
				LD_RUNPATH_SEARCH_PATHS = "$(inherited) @executable_path/Frameworks @loader_path/Frameworks";
				PRODUCT_BUNDLE_IDENTIFIER = anton.CosmosTests;
				PRODUCT_NAME = "$(TARGET_NAME)";
				SWIFT_VERSION = 3.0;
				TEST_HOST = "$(BUILT_PRODUCTS_DIR)/Cosmos.app/Cosmos";
			};
			name = Release;
		};
/* End XCBuildConfiguration section */

/* Begin XCConfigurationList section */
		3A2C96FD1DB2862F003CBA0E /* Build configuration list for PBXProject "Cosmos" */ = {
			isa = XCConfigurationList;
			buildConfigurations = (
				3A2C971D1DB2862F003CBA0E /* Debug */,
				3A2C971E1DB2862F003CBA0E /* Release */,
			);
			defaultConfigurationIsVisible = 0;
			defaultConfigurationName = Release;
		};
		3A2C971F1DB2862F003CBA0E /* Build configuration list for PBXNativeTarget "Cosmos" */ = {
			isa = XCConfigurationList;
			buildConfigurations = (
				3A2C97201DB2862F003CBA0E /* Debug */,
				3A2C97211DB2862F003CBA0E /* Release */,
			);
			defaultConfigurationIsVisible = 0;
			defaultConfigurationName = Release;
		};
		3A2C97221DB2862F003CBA0E /* Build configuration list for PBXNativeTarget "CosmosTests" */ = {
			isa = XCConfigurationList;
			buildConfigurations = (
				3A2C97231DB2862F003CBA0E /* Debug */,
				3A2C97241DB2862F003CBA0E /* Release */,
			);
			defaultConfigurationIsVisible = 0;
			defaultConfigurationName = Release;
		};
/* End XCConfigurationList section */
	};
	rootObject = 3A2C96FA1DB2862F003CBA0E /* Project object */;
}
